// !$*UTF8*$!
{
	archiveVersion = 1;
	classes = {
	};
	objectVersion = 46;
	objects = {

/* Begin PBXBuildFile section */
		B6B56C131AFA39AD00283B72 /* main.m in Sources */ = {isa = PBXBuildFile; fileRef = B6B56C121AFA39AD00283B72 /* main.m */; };
		B6B56C161AFA39AD00283B72 /* AppDelegate.m in Sources */ = {isa = PBXBuildFile; fileRef = B6B56C151AFA39AD00283B72 /* AppDelegate.m */; };
		B6B56C191AFA39AD00283B72 /* ViewController.m in Sources */ = {isa = PBXBuildFile; fileRef = B6B56C181AFA39AD00283B72 /* ViewController.m */; };
		B6B56C1C1AFA39AD00283B72 /* Main.storyboard in Resources */ = {isa = PBXBuildFile; fileRef = B6B56C1A1AFA39AD00283B72 /* Main.storyboard */; };
		B6B56C1E1AFA39AD00283B72 /* Images.xcassets in Resources */ = {isa = PBXBuildFile; fileRef = B6B56C1D1AFA39AD00283B72 /* Images.xcassets */; };
		B6B56C211AFA39AD00283B72 /* LaunchScreen.xib in Resources */ = {isa = PBXBuildFile; fileRef = B6B56C1F1AFA39AD00283B72 /* LaunchScreen.xib */; };
		B6B56C2D1AFA39AD00283B72 /* FXCategoriesTests.m in Sources */ = {isa = PBXBuildFile; fileRef = B6B56C2C1AFA39AD00283B72 /* FXCategoriesTests.m */; };
		B6B56C391AFA3A2700283B72 /* UIButton+Submitting.m in Sources */ = {isa = PBXBuildFile; fileRef = B6B56C381AFA3A2700283B72 /* UIButton+Submitting.m */; };
		B6B56C3C1AFA3AA200283B72 /* NSObject+Swizzling.m in Sources */ = {isa = PBXBuildFile; fileRef = B6B56C3B1AFA3AA200283B72 /* NSObject+Swizzling.m */; };
		B6B56C3F1AFA3B5100283B72 /* NSObject+AssociatedObject.m in Sources */ = {isa = PBXBuildFile; fileRef = B6B56C3E1AFA3B5100283B72 /* NSObject+AssociatedObject.m */; };
		B6B56C441AFA3BF700283B72 /* NSObject+Thread.m in Sources */ = {isa = PBXBuildFile; fileRef = B6B56C411AFA3BF700283B72 /* NSObject+Thread.m */; };
		B6B56C451AFA3BF700283B72 /* UIControl+Block.m in Sources */ = {isa = PBXBuildFile; fileRef = B6B56C431AFA3BF700283B72 /* UIControl+Block.m */; };
/* End PBXBuildFile section */

/* Begin PBXContainerItemProxy section */
		B6B56C271AFA39AD00283B72 /* PBXContainerItemProxy */ = {
			isa = PBXContainerItemProxy;
			containerPortal = B6B56C051AFA39AD00283B72 /* Project object */;
			proxyType = 1;
			remoteGlobalIDString = B6B56C0C1AFA39AD00283B72;
			remoteInfo = FXCategories;
		};
/* End PBXContainerItemProxy section */

/* Begin PBXFileReference section */
		B6B56C0D1AFA39AD00283B72 /* FXCategories.app */ = {isa = PBXFileReference; explicitFileType = wrapper.application; includeInIndex = 0; path = FXCategories.app; sourceTree = BUILT_PRODUCTS_DIR; };
		B6B56C111AFA39AD00283B72 /* Info.plist */ = {isa = PBXFileReference; lastKnownFileType = text.plist.xml; path = Info.plist; sourceTree = "<group>"; };
		B6B56C121AFA39AD00283B72 /* main.m */ = {isa = PBXFileReference; lastKnownFileType = sourcecode.c.objc; path = main.m; sourceTree = "<group>"; };
		B6B56C141AFA39AD00283B72 /* AppDelegate.h */ = {isa = PBXFileReference; lastKnownFileType = sourcecode.c.h; path = AppDelegate.h; sourceTree = "<group>"; };
		B6B56C151AFA39AD00283B72 /* AppDelegate.m */ = {isa = PBXFileReference; lastKnownFileType = sourcecode.c.objc; path = AppDelegate.m; sourceTree = "<group>"; };
		B6B56C171AFA39AD00283B72 /* ViewController.h */ = {isa = PBXFileReference; lastKnownFileType = sourcecode.c.h; path = ViewController.h; sourceTree = "<group>"; };
		B6B56C181AFA39AD00283B72 /* ViewController.m */ = {isa = PBXFileReference; lastKnownFileType = sourcecode.c.objc; path = ViewController.m; sourceTree = "<group>"; };
		B6B56C1B1AFA39AD00283B72 /* Base */ = {isa = PBXFileReference; lastKnownFileType = file.storyboard; name = Base; path = Base.lproj/Main.storyboard; sourceTree = "<group>"; };
		B6B56C1D1AFA39AD00283B72 /* Images.xcassets */ = {isa = PBXFileReference; lastKnownFileType = folder.assetcatalog; path = Images.xcassets; sourceTree = "<group>"; };
		B6B56C201AFA39AD00283B72 /* Base */ = {isa = PBXFileReference; lastKnownFileType = file.xib; name = Base; path = Base.lproj/LaunchScreen.xib; sourceTree = "<group>"; };
		B6B56C261AFA39AD00283B72 /* FXCategoriesTests.xctest */ = {isa = PBXFileReference; explicitFileType = wrapper.cfbundle; includeInIndex = 0; path = FXCategoriesTests.xctest; sourceTree = BUILT_PRODUCTS_DIR; };
		B6B56C2B1AFA39AD00283B72 /* Info.plist */ = {isa = PBXFileReference; lastKnownFileType = text.plist.xml; path = Info.plist; sourceTree = "<group>"; };
		B6B56C2C1AFA39AD00283B72 /* FXCategoriesTests.m */ = {isa = PBXFileReference; lastKnownFileType = sourcecode.c.objc; path = FXCategoriesTests.m; sourceTree = "<group>"; };
		B6B56C371AFA3A2700283B72 /* UIButton+Submitting.h */ = {isa = PBXFileReference; fileEncoding = 4; lastKnownFileType = sourcecode.c.h; name = "UIButton+Submitting.h"; path = "Classes/UIButton+Submitting.h"; sourceTree = "<group>"; };
		B6B56C381AFA3A2700283B72 /* UIButton+Submitting.m */ = {isa = PBXFileReference; fileEncoding = 4; lastKnownFileType = sourcecode.c.objc; name = "UIButton+Submitting.m"; path = "Classes/UIButton+Submitting.m"; sourceTree = "<group>"; };
		B6B56C3A1AFA3AA200283B72 /* NSObject+Swizzling.h */ = {isa = PBXFileReference; fileEncoding = 4; lastKnownFileType = sourcecode.c.h; name = "NSObject+Swizzling.h"; path = "Classes/NSObject+Swizzling.h"; sourceTree = "<group>"; };
		B6B56C3B1AFA3AA200283B72 /* NSObject+Swizzling.m */ = {isa = PBXFileReference; fileEncoding = 4; lastKnownFileType = sourcecode.c.objc; name = "NSObject+Swizzling.m"; path = "Classes/NSObject+Swizzling.m"; sourceTree = "<group>"; };
		B6B56C3D1AFA3B5100283B72 /* NSObject+AssociatedObject.h */ = {isa = PBXFileReference; fileEncoding = 4; lastKnownFileType = sourcecode.c.h; name = "NSObject+AssociatedObject.h"; path = "Classes/NSObject+AssociatedObject.h"; sourceTree = "<group>"; };
		B6B56C3E1AFA3B5100283B72 /* NSObject+AssociatedObject.m */ = {isa = PBXFileReference; fileEncoding = 4; lastKnownFileType = sourcecode.c.objc; name = "NSObject+AssociatedObject.m"; path = "Classes/NSObject+AssociatedObject.m"; sourceTree = "<group>"; };
		B6B56C401AFA3BF700283B72 /* NSObject+Thread.h */ = {isa = PBXFileReference; fileEncoding = 4; lastKnownFileType = sourcecode.c.h; name = "NSObject+Thread.h"; path = "Classes/NSObject+Thread.h"; sourceTree = "<group>"; };
		B6B56C411AFA3BF700283B72 /* NSObject+Thread.m */ = {isa = PBXFileReference; fileEncoding = 4; lastKnownFileType = sourcecode.c.objc; name = "NSObject+Thread.m"; path = "Classes/NSObject+Thread.m"; sourceTree = "<group>"; };
		B6B56C421AFA3BF700283B72 /* UIControl+Block.h */ = {isa = PBXFileReference; fileEncoding = 4; lastKnownFileType = sourcecode.c.h; name = "UIControl+Block.h"; path = "Classes/UIControl+Block.h"; sourceTree = "<group>"; };
		B6B56C431AFA3BF700283B72 /* UIControl+Block.m */ = {isa = PBXFileReference; fileEncoding = 4; lastKnownFileType = sourcecode.c.objc; name = "UIControl+Block.m"; path = "Classes/UIControl+Block.m"; sourceTree = "<group>"; };
/* End PBXFileReference section */

/* Begin PBXFrameworksBuildPhase section */
		B6B56C0A1AFA39AD00283B72 /* Frameworks */ = {
			isa = PBXFrameworksBuildPhase;
			buildActionMask = 2147483647;
			files = (
			);
			runOnlyForDeploymentPostprocessing = 0;
		};
		B6B56C231AFA39AD00283B72 /* Frameworks */ = {
			isa = PBXFrameworksBuildPhase;
			buildActionMask = 2147483647;
			files = (
			);
			runOnlyForDeploymentPostprocessing = 0;
		};
/* End PBXFrameworksBuildPhase section */

/* Begin PBXGroup section */
		B6B56C041AFA39AD00283B72 = {
			isa = PBXGroup;
			children = (
				B6B56C0F1AFA39AD00283B72 /* FXCategories */,
				B6B56C291AFA39AD00283B72 /* FXCategoriesTests */,
				B6B56C0E1AFA39AD00283B72 /* Products */,
			);
			sourceTree = "<group>";
		};
		B6B56C0E1AFA39AD00283B72 /* Products */ = {
			isa = PBXGroup;
			children = (
				B6B56C0D1AFA39AD00283B72 /* FXCategories.app */,
				B6B56C261AFA39AD00283B72 /* FXCategoriesTests.xctest */,
			);
			name = Products;
			sourceTree = "<group>";
		};
		B6B56C0F1AFA39AD00283B72 /* FXCategories */ = {
			isa = PBXGroup;
			children = (
				B6B56C361AFA39BC00283B72 /* Classes */,
				B6B56C141AFA39AD00283B72 /* AppDelegate.h */,
				B6B56C151AFA39AD00283B72 /* AppDelegate.m */,
				B6B56C171AFA39AD00283B72 /* ViewController.h */,
				B6B56C181AFA39AD00283B72 /* ViewController.m */,
				B6B56C1A1AFA39AD00283B72 /* Main.storyboard */,
				B6B56C1D1AFA39AD00283B72 /* Images.xcassets */,
				B6B56C1F1AFA39AD00283B72 /* LaunchScreen.xib */,
				B6B56C101AFA39AD00283B72 /* Supporting Files */,
			);
			path = FXCategories;
			sourceTree = "<group>";
		};
		B6B56C101AFA39AD00283B72 /* Supporting Files */ = {
			isa = PBXGroup;
			children = (
				B6B56C111AFA39AD00283B72 /* Info.plist */,
				B6B56C121AFA39AD00283B72 /* main.m */,
			);
			name = "Supporting Files";
			sourceTree = "<group>";
		};
		B6B56C291AFA39AD00283B72 /* FXCategoriesTests */ = {
			isa = PBXGroup;
			children = (
				B6B56C2C1AFA39AD00283B72 /* FXCategoriesTests.m */,
				B6B56C2A1AFA39AD00283B72 /* Supporting Files */,
			);
			path = FXCategoriesTests;
			sourceTree = "<group>";
		};
		B6B56C2A1AFA39AD00283B72 /* Supporting Files */ = {
			isa = PBXGroup;
			children = (
				B6B56C2B1AFA39AD00283B72 /* Info.plist */,
			);
			name = "Supporting Files";
			sourceTree = "<group>";
		};
		B6B56C361AFA39BC00283B72 /* Classes */ = {
			isa = PBXGroup;
			children = (
				B6B56C401AFA3BF700283B72 /* NSObject+Thread.h */,
				B6B56C411AFA3BF700283B72 /* NSObject+Thread.m */,
				B6B56C421AFA3BF700283B72 /* UIControl+Block.h */,
				B6B56C431AFA3BF700283B72 /* UIControl+Block.m */,
				B6B56C3D1AFA3B5100283B72 /* NSObject+AssociatedObject.h */,
				B6B56C3E1AFA3B5100283B72 /* NSObject+AssociatedObject.m */,
				B6B56C371AFA3A2700283B72 /* UIButton+Submitting.h */,
				B6B56C381AFA3A2700283B72 /* UIButton+Submitting.m */,
				B6B56C3A1AFA3AA200283B72 /* NSObject+Swizzling.h */,
				B6B56C3B1AFA3AA200283B72 /* NSObject+Swizzling.m */,
			);
			name = Classes;
			sourceTree = "<group>";
		};
/* End PBXGroup section */

/* Begin PBXNativeTarget section */
		B6B56C0C1AFA39AD00283B72 /* FXCategories */ = {
			isa = PBXNativeTarget;
			buildConfigurationList = B6B56C301AFA39AD00283B72 /* Build configuration list for PBXNativeTarget "FXCategories" */;
			buildPhases = (
				B6B56C091AFA39AD00283B72 /* Sources */,
				B6B56C0A1AFA39AD00283B72 /* Frameworks */,
				B6B56C0B1AFA39AD00283B72 /* Resources */,
			);
			buildRules = (
			);
			dependencies = (
			);
			name = FXCategories;
			productName = FXCategories;
			productReference = B6B56C0D1AFA39AD00283B72 /* FXCategories.app */;
			productType = "com.apple.product-type.application";
		};
		B6B56C251AFA39AD00283B72 /* FXCategoriesTests */ = {
			isa = PBXNativeTarget;
			buildConfigurationList = B6B56C331AFA39AD00283B72 /* Build configuration list for PBXNativeTarget "FXCategoriesTests" */;
			buildPhases = (
				B6B56C221AFA39AD00283B72 /* Sources */,
				B6B56C231AFA39AD00283B72 /* Frameworks */,
				B6B56C241AFA39AD00283B72 /* Resources */,
			);
			buildRules = (
			);
			dependencies = (
				B6B56C281AFA39AD00283B72 /* PBXTargetDependency */,
			);
			name = FXCategoriesTests;
			productName = FXCategoriesTests;
			productReference = B6B56C261AFA39AD00283B72 /* FXCategoriesTests.xctest */;
			productType = "com.apple.product-type.bundle.unit-test";
		};
/* End PBXNativeTarget section */

/* Begin PBXProject section */
		B6B56C051AFA39AD00283B72 /* Project object */ = {
			isa = PBXProject;
			attributes = {
				LastUpgradeCheck = 0630;
				ORGANIZATIONNAME = foxsofter;
				TargetAttributes = {
					B6B56C0C1AFA39AD00283B72 = {
						CreatedOnToolsVersion = 6.3;
						DevelopmentTeam = K5992V3NHR;
					};
					B6B56C251AFA39AD00283B72 = {
						CreatedOnToolsVersion = 6.3;
						TestTargetID = B6B56C0C1AFA39AD00283B72;
					};
				};
			};
			buildConfigurationList = B6B56C081AFA39AD00283B72 /* Build configuration list for PBXProject "FXCategories" */;
			compatibilityVersion = "Xcode 3.2";
			developmentRegion = English;
			hasScannedForEncodings = 0;
			knownRegions = (
				en,
				Base,
			);
			mainGroup = B6B56C041AFA39AD00283B72;
			productRefGroup = B6B56C0E1AFA39AD00283B72 /* Products */;
			projectDirPath = "";
			projectRoot = "";
			targets = (
				B6B56C0C1AFA39AD00283B72 /* FXCategories */,
				B6B56C251AFA39AD00283B72 /* FXCategoriesTests */,
			);
		};
/* End PBXProject section */

/* Begin PBXResourcesBuildPhase section */
		B6B56C0B1AFA39AD00283B72 /* Resources */ = {
			isa = PBXResourcesBuildPhase;
			buildActionMask = 2147483647;
			files = (
				B6B56C1C1AFA39AD00283B72 /* Main.storyboard in Resources */,
				B6B56C211AFA39AD00283B72 /* LaunchScreen.xib in Resources */,
				B6B56C1E1AFA39AD00283B72 /* Images.xcassets in Resources */,
			);
			runOnlyForDeploymentPostprocessing = 0;
		};
		B6B56C241AFA39AD00283B72 /* Resources */ = {
			isa = PBXResourcesBuildPhase;
			buildActionMask = 2147483647;
			files = (
			);
			runOnlyForDeploymentPostprocessing = 0;
		};
/* End PBXResourcesBuildPhase section */

/* Begin PBXSourcesBuildPhase section */
		B6B56C091AFA39AD00283B72 /* Sources */ = {
			isa = PBXSourcesBuildPhase;
			buildActionMask = 2147483647;
			files = (
				B6B56C3F1AFA3B5100283B72 /* NSObject+AssociatedObject.m in Sources */,
				B6B56C451AFA3BF700283B72 /* UIControl+Block.m in Sources */,
				B6B56C191AFA39AD00283B72 /* ViewController.m in Sources */,
				B6B56C441AFA3BF700283B72 /* NSObject+Thread.m in Sources */,
				B6B56C161AFA39AD00283B72 /* AppDelegate.m in Sources */,
				B6B56C131AFA39AD00283B72 /* main.m in Sources */,
				B6B56C3C1AFA3AA200283B72 /* NSObject+Swizzling.m in Sources */,
				B6B56C391AFA3A2700283B72 /* UIButton+Submitting.m in Sources */,
			);
			runOnlyForDeploymentPostprocessing = 0;
		};
		B6B56C221AFA39AD00283B72 /* Sources */ = {
			isa = PBXSourcesBuildPhase;
			buildActionMask = 2147483647;
			files = (
				B6B56C2D1AFA39AD00283B72 /* FXCategoriesTests.m in Sources */,
			);
			runOnlyForDeploymentPostprocessing = 0;
		};
/* End PBXSourcesBuildPhase section */

/* Begin PBXTargetDependency section */
		B6B56C281AFA39AD00283B72 /* PBXTargetDependency */ = {
			isa = PBXTargetDependency;
			target = B6B56C0C1AFA39AD00283B72 /* FXCategories */;
			targetProxy = B6B56C271AFA39AD00283B72 /* PBXContainerItemProxy */;
		};
/* End PBXTargetDependency section */

/* Begin PBXVariantGroup section */
		B6B56C1A1AFA39AD00283B72 /* Main.storyboard */ = {
			isa = PBXVariantGroup;
			children = (
				B6B56C1B1AFA39AD00283B72 /* Base */,
			);
			name = Main.storyboard;
			sourceTree = "<group>";
		};
		B6B56C1F1AFA39AD00283B72 /* LaunchScreen.xib */ = {
			isa = PBXVariantGroup;
			children = (
				B6B56C201AFA39AD00283B72 /* Base */,
			);
			name = LaunchScreen.xib;
			sourceTree = "<group>";
		};
/* End PBXVariantGroup section */

/* Begin XCBuildConfiguration section */
		B6B56C2E1AFA39AD00283B72 /* Debug */ = {
			isa = XCBuildConfiguration;
			buildSettings = {
				ALWAYS_SEARCH_USER_PATHS = NO;
				CLANG_CXX_LANGUAGE_STANDARD = "gnu++0x";
				CLANG_CXX_LIBRARY = "libc++";
				CLANG_ENABLE_MODULES = YES;
				CLANG_ENABLE_OBJC_ARC = YES;
				CLANG_WARN_BOOL_CONVERSION = YES;
				CLANG_WARN_CONSTANT_CONVERSION = YES;
				CLANG_WARN_DIRECT_OBJC_ISA_USAGE = YES_ERROR;
				CLANG_WARN_EMPTY_BODY = YES;
				CLANG_WARN_ENUM_CONVERSION = YES;
				CLANG_WARN_INT_CONVERSION = YES;
				CLANG_WARN_OBJC_ROOT_CLASS = YES_ERROR;
				CLANG_WARN_UNREACHABLE_CODE = YES;
				CLANG_WARN__DUPLICATE_METHOD_MATCH = YES;
				"CODE_SIGN_IDENTITY[sdk=iphoneos*]" = "iPhone Developer";
				COPY_PHASE_STRIP = NO;
				DEBUG_INFORMATION_FORMAT = "dwarf-with-dsym";
				ENABLE_STRICT_OBJC_MSGSEND = YES;
				GCC_C_LANGUAGE_STANDARD = gnu99;
				GCC_DYNAMIC_NO_PIC = NO;
				GCC_NO_COMMON_BLOCKS = YES;
				GCC_OPTIMIZATION_LEVEL = 0;
				GCC_PREPROCESSOR_DEFINITIONS = (
					"DEBUG=1",
					"$(inherited)",
				);
				GCC_SYMBOLS_PRIVATE_EXTERN = NO;
				GCC_WARN_64_TO_32_BIT_CONVERSION = YES;
				GCC_WARN_ABOUT_RETURN_TYPE = YES_ERROR;
				GCC_WARN_UNDECLARED_SELECTOR = YES;
				GCC_WARN_UNINITIALIZED_AUTOS = YES_AGGRESSIVE;
				GCC_WARN_UNUSED_FUNCTION = YES;
				GCC_WARN_UNUSED_VARIABLE = YES;
				IPHONEOS_DEPLOYMENT_TARGET = 8.3;
				MTL_ENABLE_DEBUG_INFO = YES;
				ONLY_ACTIVE_ARCH = YES;
				SDKROOT = iphoneos;
				TARGETED_DEVICE_FAMILY = "1,2";
			};
			name = Debug;
		};
		B6B56C2F1AFA39AD00283B72 /* Release */ = {
			isa = XCBuildConfiguration;
			buildSettings = {
				ALWAYS_SEARCH_USER_PATHS = NO;
				CLANG_CXX_LANGUAGE_STANDARD = "gnu++0x";
				CLANG_CXX_LIBRARY = "libc++";
				CLANG_ENABLE_MODULES = YES;
				CLANG_ENABLE_OBJC_ARC = YES;
				CLANG_WARN_BOOL_CONVERSION = YES;
				CLANG_WARN_CONSTANT_CONVERSION = YES;
				CLANG_WARN_DIRECT_OBJC_ISA_USAGE = YES_ERROR;
				CLANG_WARN_EMPTY_BODY = YES;
				CLANG_WARN_ENUM_CONVERSION = YES;
				CLANG_WARN_INT_CONVERSION = YES;
				CLANG_WARN_OBJC_ROOT_CLASS = YES_ERROR;
				CLANG_WARN_UNREACHABLE_CODE = YES;
				CLANG_WARN__DUPLICATE_METHOD_MATCH = YES;
				"CODE_SIGN_IDENTITY[sdk=iphoneos*]" = "iPhone Developer";
				COPY_PHASE_STRIP = NO;
				DEBUG_INFORMATION_FORMAT = "dwarf-with-dsym";
				ENABLE_NS_ASSERTIONS = NO;
				ENABLE_STRICT_OBJC_MSGSEND = YES;
				GCC_C_LANGUAGE_STANDARD = gnu99;
				GCC_NO_COMMON_BLOCKS = YES;
				GCC_WARN_64_TO_32_BIT_CONVERSION = YES;
				GCC_WARN_ABOUT_RETURN_TYPE = YES_ERROR;
				GCC_WARN_UNDECLARED_SELECTOR = YES;
				GCC_WARN_UNINITIALIZED_AUTOS = YES_AGGRESSIVE;
				GCC_WARN_UNUSED_FUNCTION = YES;
				GCC_WARN_UNUSED_VARIABLE = YES;
				IPHONEOS_DEPLOYMENT_TARGET = 8.3;
				MTL_ENABLE_DEBUG_INFO = NO;
				SDKROOT = iphoneos;
				TARGETED_DEVICE_FAMILY = "1,2";
				VALIDATE_PRODUCT = YES;
			};
			name = Release;
		};
		B6B56C311AFA39AD00283B72 /* Debug */ = {
			isa = XCBuildConfiguration;
			buildSettings = {
				ASSETCATALOG_COMPILER_APPICON_NAME = AppIcon;
				CODE_SIGN_IDENTITY = "iPhone Developer";
				INFOPLIST_FILE = FXCategories/Info.plist;
				IPHONEOS_DEPLOYMENT_TARGET = 6.1;
				LD_RUNPATH_SEARCH_PATHS = "$(inherited) @executable_path/Frameworks";
				PRODUCT_NAME = "$(TARGET_NAME)";
			};
			name = Debug;
		};
		B6B56C321AFA39AD00283B72 /* Release */ = {
			isa = XCBuildConfiguration;
			buildSettings = {
				ASSETCATALOG_COMPILER_APPICON_NAME = AppIcon;
				CODE_SIGN_IDENTITY = "iPhone Developer";
				INFOPLIST_FILE = FXCategories/Info.plist;
				IPHONEOS_DEPLOYMENT_TARGET = 6.1;
				LD_RUNPATH_SEARCH_PATHS = "$(inherited) @executable_path/Frameworks";
				PRODUCT_NAME = "$(TARGET_NAME)";
			};
			name = Release;
		};
		B6B56C341AFA39AD00283B72 /* Debug */ = {
			isa = XCBuildConfiguration;
			buildSettings = {
				BUNDLE_LOADER = "$(TEST_HOST)";
				FRAMEWORK_SEARCH_PATHS = (
					"$(SDKROOT)/Developer/Library/Frameworks",
					"$(inherited)",
				);
				GCC_PREPROCESSOR_DEFINITIONS = (
					"DEBUG=1",
					"$(inherited)",
				);
				INFOPLIST_FILE = FXCategoriesTests/Info.plist;
				LD_RUNPATH_SEARCH_PATHS = "$(inherited) @executable_path/Frameworks @loader_path/Frameworks";
				PRODUCT_NAME = "$(TARGET_NAME)";
				TEST_HOST = "$(BUILT_PRODUCTS_DIR)/FXCategories.app/FXCategories";
			};
			name = Debug;
		};
		B6B56C351AFA39AD00283B72 /* Release */ = {
			isa = XCBuildConfiguration;
			buildSettings = {
				BUNDLE_LOADER = "$(TEST_HOST)";
				FRAMEWORK_SEARCH_PATHS = (
					"$(SDKROOT)/Developer/Library/Frameworks",
					"$(inherited)",
				);
				INFOPLIST_FILE = FXCategoriesTests/Info.plist;
				LD_RUNPATH_SEARCH_PATHS = "$(inherited) @executable_path/Frameworks @loader_path/Frameworks";
				PRODUCT_NAME = "$(TARGET_NAME)";
				TEST_HOST = "$(BUILT_PRODUCTS_DIR)/FXCategories.app/FXCategories";
			};
			name = Release;
		};
/* End XCBuildConfiguration section */

/* Begin XCConfigurationList section */
		B6B56C081AFA39AD00283B72 /* Build configuration list for PBXProject "FXCategories" */ = {
			isa = XCConfigurationList;
			buildConfigurations = (
				B6B56C2E1AFA39AD00283B72 /* Debug */,
				B6B56C2F1AFA39AD00283B72 /* Release */,
			);
			defaultConfigurationIsVisible = 0;
			defaultConfigurationName = Release;
		};
		B6B56C301AFA39AD00283B72 /* Build configuration list for PBXNativeTarget "FXCategories" */ = {
			isa = XCConfigurationList;
			buildConfigurations = (
				B6B56C311AFA39AD00283B72 /* Debug */,
				B6B56C321AFA39AD00283B72 /* Release */,
			);
			defaultConfigurationIsVisible = 0;
		};
		B6B56C331AFA39AD00283B72 /* Build configuration list for PBXNativeTarget "FXCategoriesTests" */ = {
			isa = XCConfigurationList;
			buildConfigurations = (
				B6B56C341AFA39AD00283B72 /* Debug */,
				B6B56C351AFA39AD00283B72 /* Release */,
			);
			defaultConfigurationIsVisible = 0;
		};
/* End XCConfigurationList section */
	};
	rootObject = B6B56C051AFA39AD00283B72 /* Project object */;
}
